
Microsoft Visual Studio Solution File, Format Version 12.00
# Visual Studio Version 17
VisualStudioVersion = 17.9.34714.143
MinimumVisualStudioVersion = 10.0.40219.1
Project("{FAE04EC0-301F-11D3-BF4B-00C04F79EFBC}") = "OOP_PROJECT", "OOP_PROJECT\OOP_PROJECT.csproj", "{7E7A9A76-C1F7-47D3-9E35-8B5D16DBBB8D}"
EndProject
Global
	GlobalSection(SolutionConfigurationPlatforms) = preSolution
		Debug|Any CPU = Debug|Any CPU
		Release|Any CPU = Release|Any CPU
	EndGlobalSection
	GlobalSection(ProjectConfigurationPlatforms) = postSolution
		{7E7A9A76-C1F7-47D3-9E35-8B5D16DBBB8D}.Debug|Any CPU.ActiveCfg = Debug|Any CPU
		{7E7A9A76-C1F7-47D3-9E35-8B5D16DBBB8D}.Debug|Any CPU.Build.0 = Debug|Any CPU
		{7E7A9A76-C1F7-47D3-9E35-8B5D16DBBB8D}.Release|Any CPU.ActiveCfg = Release|Any CPU
		{7E7A9A76-C1F7-47D3-9E35-8B5D16DBBB8D}.Release|Any CPU.Build.0 = Release|Any CPU
	EndGlobalSection
	GlobalSection(SolutionProperties) = preSolution
		HideSolutionNode = FALSE
	EndGlobalSection
	GlobalSection(ExtensibilityGlobals) = postSolution
		SolutionGuid = {88DB5472-0633-44C3-9ABD-4C177EA53BD4}
	EndGlobalSection
EndGlobal
